
Microsoft Visual Studio Solution File, Format Version 12.00
# Visual Studio 15
VisualStudioVersion = 15.0.26730.16
MinimumVisualStudioVersion = 10.0.40219.1
Project("{FAE04EC0-301F-11D3-BF4B-00C04F79EFBC}") = "CSharpCodeWars", "CSharpCodeWars\CSharpCodeWars.csproj", "{E878EB56-5319-4236-A0B6-D52A5474CE0F}"
EndProject
Project("{FAE04EC0-301F-11D3-BF4B-00C04F79EFBC}") = "LibraryWars", "LibraryWars\LibraryWars.csproj", "{ADFC4982-85B7-49B3-8BB3-37728F11EB79}"
EndProject
Global
	GlobalSection(SolutionConfigurationPlatforms) = preSolution
		Debug|Any CPU = Debug|Any CPU
		Release|Any CPU = Release|Any CPU
	EndGlobalSection
	GlobalSection(ProjectConfigurationPlatforms) = postSolution
		{E878EB56-5319-4236-A0B6-D52A5474CE0F}.Debug|Any CPU.ActiveCfg = Debug|Any CPU
		{E878EB56-5319-4236-A0B6-D52A5474CE0F}.Debug|Any CPU.Build.0 = Debug|Any CPU
		{E878EB56-5319-4236-A0B6-D52A5474CE0F}.Release|Any CPU.ActiveCfg = Release|Any CPU
		{E878EB56-5319-4236-A0B6-D52A5474CE0F}.Release|Any CPU.Build.0 = Release|Any CPU
		{ADFC4982-85B7-49B3-8BB3-37728F11EB79}.Debug|Any CPU.ActiveCfg = Debug|Any CPU
		{ADFC4982-85B7-49B3-8BB3-37728F11EB79}.Debug|Any CPU.Build.0 = Debug|Any CPU
		{ADFC4982-85B7-49B3-8BB3-37728F11EB79}.Release|Any CPU.ActiveCfg = Release|Any CPU
		{ADFC4982-85B7-49B3-8BB3-37728F11EB79}.Release|Any CPU.Build.0 = Release|Any CPU
	EndGlobalSection
	GlobalSection(SolutionProperties) = preSolution
		HideSolutionNode = FALSE
	EndGlobalSection
	GlobalSection(ExtensibilityGlobals) = postSolution
		SolutionGuid = {76FE8C7B-69F7-4BBF-B2A9-FE66631CC0AD}
	EndGlobalSection
EndGlobal
